
Microsoft Visual Studio Solution File, Format Version 12.00
# Visual Studio Version 17
VisualStudioVersion = 17.10.35027.167
MinimumVisualStudioVersion = 10.0.40219.1
Project("{FAE04EC0-301F-11D3-BF4B-00C04F79EFBC}") = "RealEstateApp", "RealEstateApp\RealEstateApp.csproj", "{3CBB0C9A-BD20-415F-880C-73200F50E0EE}"
EndProject
Global
	GlobalSection(SolutionConfigurationPlatforms) = preSolution
		Debug|Any CPU = Debug|Any CPU
		Release|Any CPU = Release|Any CPU
	EndGlobalSection
	GlobalSection(ProjectConfigurationPlatforms) = postSolution
		{3CBB0C9A-BD20-415F-880C-73200F50E0EE}.Debug|Any CPU.ActiveCfg = Debug|Any CPU
		{3CBB0C9A-BD20-415F-880C-73200F50E0EE}.Debug|Any CPU.Build.0 = Debug|Any CPU
		{3CBB0C9A-BD20-415F-880C-73200F50E0EE}.Release|Any CPU.ActiveCfg = Release|Any CPU
		{3CBB0C9A-BD20-415F-880C-73200F50E0EE}.Release|Any CPU.Build.0 = Release|Any CPU
	EndGlobalSection
	GlobalSection(SolutionProperties) = preSolution
		HideSolutionNode = FALSE
	EndGlobalSection
	GlobalSection(ExtensibilityGlobals) = postSolution
		SolutionGuid = {1CF74BA6-62E4-4604-B26A-6B3285F955D8}
	EndGlobalSection
EndGlobal
